Microsoft Visual Studio Solution File, Format Version 12.00
# Visual Studio 15
VisualStudioVersion = 15.0.28010.2016
MinimumVisualStudioVersion = 10.0.40219.1
Project("{F184B08F-C81C-45F6-A57F-5ABD9991F28F}") = "Q139427", "Q139427\Q139427.vbproj", "{9AC2493A-B260-431F-94CF-FDDBD88D2357}"
EndProject
Global
	GlobalSection(SolutionConfigurationPlatforms) = preSolution
		Debug|Any CPU = Debug|Any CPU
		Release|Any CPU = Release|Any CPU
	EndGlobalSection
	GlobalSection(ProjectConfigurationPlatforms) = postSolution
		{9AC2493A-B260-431F-94CF-FDDBD88D2357}.Debug|Any CPU.ActiveCfg = Debug|Any CPU
		{9AC2493A-B260-431F-94CF-FDDBD88D2357}.Debug|Any CPU.Build.0 = Debug|Any CPU
		{9AC2493A-B260-431F-94CF-FDDBD88D2357}.Release|Any CPU.ActiveCfg = Release|Any CPU
		{9AC2493A-B260-431F-94CF-FDDBD88D2357}.Release|Any CPU.Build.0 = Release|Any CPU
	EndGlobalSection
	GlobalSection(SolutionProperties) = preSolution
		HideSolutionNode = FALSE
	EndGlobalSection
	GlobalSection(ExtensibilityGlobals) = postSolution
		SolutionGuid = {0C7DE0F1-C900-4FC3-8390-197F77ADC29D}
	EndGlobalSection
EndGlobal
